<?xml version="1.0" encoding="utf-8"?>
<Project ToolsVersion="4.0" xmlns="http://schemas.microsoft.com/developer/msbuild/2003">
  <ItemGroup>
    <Filter Include="Source Files">
      <UniqueIdentifier>{4FC737F1-C7A5-4376-A066-2A32D752A2FF}</UniqueIdentifier>
      <Extensions>cpp;c;cc;cxx;def;odl;idl;hpj;bat;asm;asmx</Extensions>
    </Filter>
    <Filter Include="Header Files">
      <UniqueIdentifier>{93995380-89BD-4b04-88EB-625FBE52EBFB}</UniqueIdentifier>
      <Extensions>h;hh;hpp;hxx;hm;inl;inc;xsd</Extensions>
    </Filter>
    <Filter Include="Resource Files">
      <UniqueIdentifier>{67DA6AB6-F800-4c08-8B7A-83BB121AAD01}</UniqueIdentifier>
      <Extensions>rc;ico;cur;bmp;dlg;rc2;rct;bin;rgs;gif;jpg;jpeg;jpe;resx;tiff;tif;png;wav;mfcribbon-ms</Extensions>
    </Filter>
    <Filter Include="Source Files\Helpers">
      <UniqueIdentifier>{f639299d-d605-4a7f-829e-a75c3410b5c5}</UniqueIdentifier>
    </Filter>
    <Filter Include="Source Files\Mouse">
      <UniqueIdentifier>{ceef456a-2989-4eca-a864-068d5dcd9ca3}</UniqueIdentifier>
    </Filter>
    <Filter Include="Source Files\Modules">
      <UniqueIdentifier>{4c3f5b35-42b3-4e33-80aa-ec94ff9c0da6}</UniqueIdentifier>
    </Filter>
    <Filter Include="Source Files\Console">
      <UniqueIdentifier>{d631e7bc-068a-4bde-839c-360ea02b3fa4}</UniqueIdentifier>
    </Filter>
    <Filter Include="Source Files\Blocks">
      <UniqueIdentifier>{a8e1214f-f83a-4ba4-ae36-fcbcc5c458f2}</UniqueIdentifier>
    </Filter>
    <Filter Include="Resource Files\Snippets">
      <UniqueIdentifier>{3a86df05-140e-4d70-a2fa-c5b36f454a69}</UniqueIdentifier>
    </Filter>
    <Filter Include="Source Files\3rdParty">
      <UniqueIdentifier>{eb7bfc1f-681a-4157-bbcb-28aa85c70ad3}</UniqueIdentifier>
    </Filter>
    <Filter Include="Source Files\3rdParty\JSON">
      <UniqueIdentifier>{820e8b8d-44fd-439d-9e4f-e01684036433}</UniqueIdentifier>
    </Filter>
  </ItemGroup>
  <ItemGroup>
    <ClCompile Include="main.cpp">
      <Filter>Source Files</Filter>
    </ClCompile>
    <ClCompile Include="MouseEmulator.cpp">
      <Filter>Source Files</Filter>
    </ClCompile>
    <ClCompile Include="Timer.cpp">
      <Filter>Source Files\Helpers</Filter>
    </ClCompile>
    <ClCompile Include="Application.cpp">
      <Filter>Source Files</Filter>
    </ClCompile>
    <ClCompile Include="MouseRoutine.cpp">
      <Filter>Source Files\Mouse</Filter>
    </ClCompile>
    <ClCompile Include="Editor.cpp">
      <Filter>Source Files\Modules</Filter>
    </ClCompile>
    <ClCompile Include="Input.cpp">
      <Filter>Source Files\Modules</Filter>
    </ClCompile>
    <ClCompile Include="Console.cpp">
      <Filter>Source Files\Console</Filter>
    </ClCompile>
    <ClCompile Include="Cmd.cpp">
      <Filter>Source Files\Console</Filter>
    </ClCompile>
    <ClCompile Include="AreaManager.cpp">
      <Filter>Source Files\Blocks</Filter>
    </ClCompile>
    <ClCompile Include="ConsoleMsgs.cpp">
      <Filter>Source Files\Console</Filter>
    </ClCompile>
    <ClCompile Include="Commands.cpp">
      <Filter>Source Files\Console</Filter>
    </ClCompile>
    <ClCompile Include="Performance.cpp">
      <Filter>Source Files\Blocks</Filter>
    </ClCompile>
    <ClCompile Include="Data.cpp">
      <Filter>Source Files\Modules</Filter>
    </ClCompile>
    <ClCompile Include="ModuleFileSystem.cpp">
      <Filter>Source Files\Modules</Filter>
    </ClCompile>
    <ClCompile Include="JSON\parson.c">
      <Filter>Source Files\3rdParty\JSON</Filter>
    </ClCompile>
  </ItemGroup>
  <ItemGroup>
    <ClInclude Include="Point.h">
      <Filter>Source Files\Helpers</Filter>
    </ClInclude>
    <ClInclude Include="MouseEmulator.h">
      <Filter>Source Files</Filter>
    </ClInclude>
    <ClInclude Include="Timer.h">
      <Filter>Source Files\Helpers</Filter>
    </ClInclude>
    <ClInclude Include="Application.h">
      <Filter>Source Files</Filter>
    </ClInclude>
    <ClInclude Include="MouseRoutine.h">
      <Filter>Source Files\Mouse</Filter>
    </ClInclude>
    <ClInclude Include="Editor.h">
      <Filter>Source Files\Modules</Filter>
    </ClInclude>
    <ClInclude Include="Input.h">
      <Filter>Source Files\Modules</Filter>
    </ClInclude>
    <ClInclude Include="Console.h">
      <Filter>Source Files\Console</Filter>
    </ClInclude>
    <ClInclude Include="Cmd.h">
      <Filter>Source Files\Console</Filter>
    </ClInclude>
    <ClInclude Include="AreaManager.h">
      <Filter>Source Files\Blocks</Filter>
    </ClInclude>
    <ClInclude Include="ConsoleMsgs.h">
      <Filter>Source Files\Console</Filter>
    </ClInclude>
    <ClInclude Include="Commands.h">
      <Filter>Source Files\Console</Filter>
    </ClInclude>
    <ClInclude Include="Performance.h">
      <Filter>Source Files\Blocks</Filter>
    </ClInclude>
    <ClInclude Include="Data.h">
      <Filter>Source Files\Modules</Filter>
    </ClInclude>
    <ClInclude Include="ModuleFileSystem.h">
      <Filter>Source Files\Modules</Filter>
    </ClInclude>
    <ClInclude Include="JSON\parson.h">
      <Filter>Source Files\3rdParty\JSON</Filter>
    </ClInclude>
  </ItemGroup>
  <ItemGroup>
    <Xsd Include="command_function.snippet">
      <Filter>Source Files</Filter>
    </Xsd>
  </ItemGroup>
</Project>